// !$*UTF8*$!
{
	archiveVersion = 1;
	classes = {
	};
	objectVersion = 50;
	objects = {

/* Begin PBXBuildFile section */
		826A93D42473E53100379297 /* AppDelegate.swift in Sources */ = {isa = PBXBuildFile; fileRef = 826A93D32473E53100379297 /* AppDelegate.swift */; };
		826A93D62473E53100379297 /* SceneDelegate.swift in Sources */ = {isa = PBXBuildFile; fileRef = 826A93D52473E53100379297 /* SceneDelegate.swift */; };
		826A93D82473E53100379297 /* ViewController.swift in Sources */ = {isa = PBXBuildFile; fileRef = 826A93D72473E53100379297 /* ViewController.swift */; };
		826A93DB2473E53100379297 /* Main.storyboard in Resources */ = {isa = PBXBuildFile; fileRef = 826A93D92473E53100379297 /* Main.storyboard */; };
		826A93DD2473E53E00379297 /* Assets.xcassets in Resources */ = {isa = PBXBuildFile; fileRef = 826A93DC2473E53E00379297 /* Assets.xcassets */; };
		826A93E02473E53E00379297 /* LaunchScreen.storyboard in Resources */ = {isa = PBXBuildFile; fileRef = 826A93DE2473E53E00379297 /* LaunchScreen.storyboard */; };
		826A93EB2473E53E00379297 /* TweeterTests.swift in Sources */ = {isa = PBXBuildFile; fileRef = 826A93EA2473E53E00379297 /* TweeterTests.swift */; };
		826A93F62473E53E00379297 /* TweeterUITests.swift in Sources */ = {isa = PBXBuildFile; fileRef = 826A93F52473E53E00379297 /* TweeterUITests.swift */; };
/* End PBXBuildFile section */

/* Begin PBXContainerItemProxy section */
		826A93E72473E53E00379297 /* PBXContainerItemProxy */ = {
			isa = PBXContainerItemProxy;
			containerPortal = 826A93C82473E53100379297 /* Project object */;
			proxyType = 1;
			remoteGlobalIDString = 826A93CF2473E53100379297;
			remoteInfo = Tweeter;
		};
		826A93F22473E53E00379297 /* PBXContainerItemProxy */ = {
			isa = PBXContainerItemProxy;
			containerPortal = 826A93C82473E53100379297 /* Project object */;
			proxyType = 1;
			remoteGlobalIDString = 826A93CF2473E53100379297;
			remoteInfo = Tweeter;
		};
/* End PBXContainerItemProxy section */

/* Begin PBXFileReference section */
		826A93D02473E53100379297 /* Tweeter.app */ = {isa = PBXFileReference; explicitFileType = wrapper.application; includeInIndex = 0; path = Tweeter.app; sourceTree = BUILT_PRODUCTS_DIR; };
		826A93D32473E53100379297 /* AppDelegate.swift */ = {isa = PBXFileReference; lastKnownFileType = sourcecode.swift; path = AppDelegate.swift; sourceTree = "<group>"; };
		826A93D52473E53100379297 /* SceneDelegate.swift */ = {isa = PBXFileReference; lastKnownFileType = sourcecode.swift; path = SceneDelegate.swift; sourceTree = "<group>"; };
		826A93D72473E53100379297 /* ViewController.swift */ = {isa = PBXFileReference; lastKnownFileType = sourcecode.swift; path = ViewController.swift; sourceTree = "<group>"; };
		826A93DA2473E53100379297 /* Base */ = {isa = PBXFileReference; lastKnownFileType = file.storyboard; name = Base; path = Base.lproj/Main.storyboard; sourceTree = "<group>"; };
		826A93DC2473E53E00379297 /* Assets.xcassets */ = {isa = PBXFileReference; lastKnownFileType = folder.assetcatalog; path = Assets.xcassets; sourceTree = "<group>"; };
		826A93DF2473E53E00379297 /* Base */ = {isa = PBXFileReference; lastKnownFileType = file.storyboard; name = Base; path = Base.lproj/LaunchScreen.storyboard; sourceTree = "<group>"; };
		826A93E12473E53E00379297 /* Info.plist */ = {isa = PBXFileReference; lastKnownFileType = text.plist.xml; path = Info.plist; sourceTree = "<group>"; };
		826A93E62473E53E00379297 /* TweeterTests.xctest */ = {isa = PBXFileReference; explicitFileType = wrapper.cfbundle; includeInIndex = 0; path = TweeterTests.xctest; sourceTree = BUILT_PRODUCTS_DIR; };
		826A93EA2473E53E00379297 /* TweeterTests.swift */ = {isa = PBXFileReference; lastKnownFileType = sourcecode.swift; path = TweeterTests.swift; sourceTree = "<group>"; };
		826A93EC2473E53E00379297 /* Info.plist */ = {isa = PBXFileReference; lastKnownFileType = text.plist.xml; path = Info.plist; sourceTree = "<group>"; };
		826A93F12473E53E00379297 /* TweeterUITests.xctest */ = {isa = PBXFileReference; explicitFileType = wrapper.cfbundle; includeInIndex = 0; path = TweeterUITests.xctest; sourceTree = BUILT_PRODUCTS_DIR; };
		826A93F52473E53E00379297 /* TweeterUITests.swift */ = {isa = PBXFileReference; lastKnownFileType = sourcecode.swift; path = TweeterUITests.swift; sourceTree = "<group>"; };
		826A93F72473E53E00379297 /* Info.plist */ = {isa = PBXFileReference; lastKnownFileType = text.plist.xml; path = Info.plist; sourceTree = "<group>"; };
/* End PBXFileReference section */

/* Begin PBXFrameworksBuildPhase section */
		826A93CD2473E53100379297 /* Frameworks */ = {
			isa = PBXFrameworksBuildPhase;
			buildActionMask = 2147483647;
			files = (
			);
			runOnlyForDeploymentPostprocessing = 0;
		};
		826A93E32473E53E00379297 /* Frameworks */ = {
			isa = PBXFrameworksBuildPhase;
			buildActionMask = 2147483647;
			files = (
			);
			runOnlyForDeploymentPostprocessing = 0;
		};
		826A93EE2473E53E00379297 /* Frameworks */ = {
			isa = PBXFrameworksBuildPhase;
			buildActionMask = 2147483647;
			files = (
			);
			runOnlyForDeploymentPostprocessing = 0;
		};
/* End PBXFrameworksBuildPhase section */

/* Begin PBXGroup section */
		826A93C72473E53100379297 = {
			isa = PBXGroup;
			children = (
				826A93D22473E53100379297 /* Tweeter */,
				826A93E92473E53E00379297 /* TweeterTests */,
				826A93F42473E53E00379297 /* TweeterUITests */,
				826A93D12473E53100379297 /* Products */,
			);
			sourceTree = "<group>";
		};
		826A93D12473E53100379297 /* Products */ = {
			isa = PBXGroup;
			children = (
				826A93D02473E53100379297 /* Tweeter.app */,
				826A93E62473E53E00379297 /* TweeterTests.xctest */,
				826A93F12473E53E00379297 /* TweeterUITests.xctest */,
			);
			name = Products;
			sourceTree = "<group>";
		};
		826A93D22473E53100379297 /* Tweeter */ = {
			isa = PBXGroup;
			children = (
				826A93D32473E53100379297 /* AppDelegate.swift */,
				826A93D52473E53100379297 /* SceneDelegate.swift */,
				826A93D72473E53100379297 /* ViewController.swift */,
				826A93D92473E53100379297 /* Main.storyboard */,
				826A93DC2473E53E00379297 /* Assets.xcassets */,
				826A93DE2473E53E00379297 /* LaunchScreen.storyboard */,
				826A93E12473E53E00379297 /* Info.plist */,
			);
			path = Tweeter;
			sourceTree = "<group>";
		};
		826A93E92473E53E00379297 /* TweeterTests */ = {
			isa = PBXGroup;
			children = (
				826A93EA2473E53E00379297 /* TweeterTests.swift */,
				826A93EC2473E53E00379297 /* Info.plist */,
			);
			path = TweeterTests;
			sourceTree = "<group>";
		};
		826A93F42473E53E00379297 /* TweeterUITests */ = {
			isa = PBXGroup;
			children = (
				826A93F52473E53E00379297 /* TweeterUITests.swift */,
				826A93F72473E53E00379297 /* Info.plist */,
			);
			path = TweeterUITests;
			sourceTree = "<group>";
		};
/* End PBXGroup section */

/* Begin PBXNativeTarget section */
		826A93CF2473E53100379297 /* Tweeter */ = {
			isa = PBXNativeTarget;
			buildConfigurationList = 826A93FA2473E53E00379297 /* Build configuration list for PBXNativeTarget "Tweeter" */;
			buildPhases = (
				826A93CC2473E53100379297 /* Sources */,
				826A93CD2473E53100379297 /* Frameworks */,
				826A93CE2473E53100379297 /* Resources */,
			);
			buildRules = (
			);
			dependencies = (
			);
			name = Tweeter;
			productName = Tweeter;
			productReference = 826A93D02473E53100379297 /* Tweeter.app */;
			productType = "com.apple.product-type.application";
		};
		826A93E52473E53E00379297 /* TweeterTests */ = {
			isa = PBXNativeTarget;
			buildConfigurationList = 826A93FD2473E53E00379297 /* Build configuration list for PBXNativeTarget "TweeterTests" */;
			buildPhases = (
				826A93E22473E53E00379297 /* Sources */,
				826A93E32473E53E00379297 /* Frameworks */,
				826A93E42473E53E00379297 /* Resources */,
			);
			buildRules = (
			);
			dependencies = (
				826A93E82473E53E00379297 /* PBXTargetDependency */,
			);
			name = TweeterTests;
			productName = TweeterTests;
			productReference = 826A93E62473E53E00379297 /* TweeterTests.xctest */;
			productType = "com.apple.product-type.bundle.unit-test";
		};
		826A93F02473E53E00379297 /* TweeterUITests */ = {
			isa = PBXNativeTarget;
			buildConfigurationList = 826A94002473E53E00379297 /* Build configuration list for PBXNativeTarget "TweeterUITests" */;
			buildPhases = (
				826A93ED2473E53E00379297 /* Sources */,
				826A93EE2473E53E00379297 /* Frameworks */,
				826A93EF2473E53E00379297 /* Resources */,
			);
			buildRules = (
			);
			dependencies = (
				826A93F32473E53E00379297 /* PBXTargetDependency */,
			);
			name = TweeterUITests;
			productName = TweeterUITests;
			productReference = 826A93F12473E53E00379297 /* TweeterUITests.xctest */;
			productType = "com.apple.product-type.bundle.ui-testing";
		};
/* End PBXNativeTarget section */

/* Begin PBXProject section */
		826A93C82473E53100379297 /* Project object */ = {
			isa = PBXProject;
			attributes = {
				LastSwiftUpdateCheck = 1140;
				LastUpgradeCheck = 1140;
				ORGANIZATIONNAME = Gomi;
				TargetAttributes = {
					826A93CF2473E53100379297 = {
						CreatedOnToolsVersion = 11.4.1;
					};
					826A93E52473E53E00379297 = {
						CreatedOnToolsVersion = 11.4.1;
						TestTargetID = 826A93CF2473E53100379297;
					};
					826A93F02473E53E00379297 = {
						CreatedOnToolsVersion = 11.4.1;
						TestTargetID = 826A93CF2473E53100379297;
					};
				};
			};
			buildConfigurationList = 826A93CB2473E53100379297 /* Build configuration list for PBXProject "Tweeter" */;
			compatibilityVersion = "Xcode 9.3";
			developmentRegion = en;
			hasScannedForEncodings = 0;
			knownRegions = (
				en,
				Base,
			);
			mainGroup = 826A93C72473E53100379297;
			productRefGroup = 826A93D12473E53100379297 /* Products */;
			projectDirPath = "";
			projectRoot = "";
			targets = (
				826A93CF2473E53100379297 /* Tweeter */,
				826A93E52473E53E00379297 /* TweeterTests */,
				826A93F02473E53E00379297 /* TweeterUITests */,
			);
		};
/* End PBXProject section */

/* Begin PBXResourcesBuildPhase section */
		826A93CE2473E53100379297 /* Resources */ = {
			isa = PBXResourcesBuildPhase;
			buildActionMask = 2147483647;
			files = (
				826A93E02473E53E00379297 /* LaunchScreen.storyboard in Resources */,
				826A93DD2473E53E00379297 /* Assets.xcassets in Resources */,
				826A93DB2473E53100379297 /* Main.storyboard in Resources */,
			);
			runOnlyForDeploymentPostprocessing = 0;
		};
		826A93E42473E53E00379297 /* Resources */ = {
			isa = PBXResourcesBuildPhase;
			buildActionMask = 2147483647;
			files = (
			);
			runOnlyForDeploymentPostprocessing = 0;
		};
		826A93EF2473E53E00379297 /* Resources */ = {
			isa = PBXResourcesBuildPhase;
			buildActionMask = 2147483647;
			files = (
			);
			runOnlyForDeploymentPostprocessing = 0;
		};
/* End PBXResourcesBuildPhase section */

/* Begin PBXSourcesBuildPhase section */
		826A93CC2473E53100379297 /* Sources */ = {
			isa = PBXSourcesBuildPhase;
			buildActionMask = 2147483647;
			files = (
				826A93D82473E53100379297 /* ViewController.swift in Sources */,
				826A93D42473E53100379297 /* AppDelegate.swift in Sources */,
				826A93D62473E53100379297 /* SceneDelegate.swift in Sources */,
			);
			runOnlyForDeploymentPostprocessing = 0;
		};
		826A93E22473E53E00379297 /* Sources */ = {
			isa = PBXSourcesBuildPhase;
			buildActionMask = 2147483647;
			files = (
				826A93EB2473E53E00379297 /* TweeterTests.swift in Sources */,
			);
			runOnlyForDeploymentPostprocessing = 0;
		};
		826A93ED2473E53E00379297 /* Sources */ = {
			isa = PBXSourcesBuildPhase;
			buildActionMask = 2147483647;
			files = (
				826A93F62473E53E00379297 /* TweeterUITests.swift in Sources */,
			);
			runOnlyForDeploymentPostprocessing = 0;
		};
/* End PBXSourcesBuildPhase section */

/* Begin PBXTargetDependency section */
		826A93E82473E53E00379297 /* PBXTargetDependency */ = {
			isa = PBXTargetDependency;
			target = 826A93CF2473E53100379297 /* Tweeter */;
			targetProxy = 826A93E72473E53E00379297 /* PBXContainerItemProxy */;
		};
		826A93F32473E53E00379297 /* PBXTargetDependency */ = {
			isa = PBXTargetDependency;
			target = 826A93CF2473E53100379297 /* Tweeter */;
			targetProxy = 826A93F22473E53E00379297 /* PBXContainerItemProxy */;
		};
/* End PBXTargetDependency section */

/* Begin PBXVariantGroup section */
		826A93D92473E53100379297 /* Main.storyboard */ = {
			isa = PBXVariantGroup;
			children = (
				826A93DA2473E53100379297 /* Base */,
			);
			name = Main.storyboard;
			sourceTree = "<group>";
		};
		826A93DE2473E53E00379297 /* LaunchScreen.storyboard */ = {
			isa = PBXVariantGroup;
			children = (
				826A93DF2473E53E00379297 /* Base */,
			);
			name = LaunchScreen.storyboard;
			sourceTree = "<group>";
		};
/* End PBXVariantGroup section */

/* Begin XCBuildConfiguration section */
		826A93F82473E53E00379297 /* Debug */ = {
			isa = XCBuildConfiguration;
			buildSettings = {
				ALWAYS_SEARCH_USER_PATHS = NO;
				CLANG_ANALYZER_NONNULL = YES;
				CLANG_ANALYZER_NUMBER_OBJECT_CONVERSION = YES_AGGRESSIVE;
				CLANG_CXX_LANGUAGE_STANDARD = "gnu++14";
				CLANG_CXX_LIBRARY = "libc++";
				CLANG_ENABLE_MODULES = YES;
				CLANG_ENABLE_OBJC_ARC = YES;
				CLANG_ENABLE_OBJC_WEAK = YES;
				CLANG_WARN_BLOCK_CAPTURE_AUTORELEASING = YES;
				CLANG_WARN_BOOL_CONVERSION = YES;
				CLANG_WARN_COMMA = YES;
				CLANG_WARN_CONSTANT_CONVERSION = YES;
				CLANG_WARN_DEPRECATED_OBJC_IMPLEMENTATIONS = YES;
				CLANG_WARN_DIRECT_OBJC_ISA_USAGE = YES_ERROR;
				CLANG_WARN_DOCUMENTATION_COMMENTS = YES;
				CLANG_WARN_EMPTY_BODY = YES;
				CLANG_WARN_ENUM_CONVERSION = YES;
				CLANG_WARN_INFINITE_RECURSION = YES;
				CLANG_WARN_INT_CONVERSION = YES;
				CLANG_WARN_NON_LITERAL_NULL_CONVERSION = YES;
				CLANG_WARN_OBJC_IMPLICIT_RETAIN_SELF = YES;
				CLANG_WARN_OBJC_LITERAL_CONVERSION = YES;
				CLANG_WARN_OBJC_ROOT_CLASS = YES_ERROR;
				CLANG_WARN_RANGE_LOOP_ANALYSIS = YES;
				CLANG_WARN_STRICT_PROTOTYPES = YES;
				CLANG_WARN_SUSPICIOUS_MOVE = YES;
				CLANG_WARN_UNGUARDED_AVAILABILITY = YES_AGGRESSIVE;
				CLANG_WARN_UNREACHABLE_CODE = YES;
				CLANG_WARN__DUPLICATE_METHOD_MATCH = YES;
				COPY_PHASE_STRIP = NO;
				DEBUG_INFORMATION_FORMAT = dwarf;
				ENABLE_STRICT_OBJC_MSGSEND = YES;
				ENABLE_TESTABILITY = YES;
				GCC_C_LANGUAGE_STANDARD = gnu11;
				GCC_DYNAMIC_NO_PIC = NO;
				GCC_NO_COMMON_BLOCKS = YES;
				GCC_OPTIMIZATION_LEVEL = 0;
				GCC_PREPROCESSOR_DEFINITIONS = (
					"DEBUG=1",
					"$(inherited)",
				);
				GCC_WARN_64_TO_32_BIT_CONVERSION = YES;
				GCC_WARN_ABOUT_RETURN_TYPE = YES_ERROR;
				GCC_WARN_UNDECLARED_SELECTOR = YES;
				GCC_WARN_UNINITIALIZED_AUTOS = YES_AGGRESSIVE;
				GCC_WARN_UNUSED_FUNCTION = YES;
				GCC_WARN_UNUSED_VARIABLE = YES;
				IPHONEOS_DEPLOYMENT_TARGET = 13.4;
				MTL_ENABLE_DEBUG_INFO = INCLUDE_SOURCE;
				MTL_FAST_MATH = YES;
				ONLY_ACTIVE_ARCH = YES;
				SDKROOT = iphoneos;
				SWIFT_ACTIVE_COMPILATION_CONDITIONS = DEBUG;
				SWIFT_OPTIMIZATION_LEVEL = "-Onone";
			};
			name = Debug;
		};
		826A93F92473E53E00379297 /* Release */ = {
			isa = XCBuildConfiguration;
			buildSettings = {
				ALWAYS_SEARCH_USER_PATHS = NO;
				CLANG_ANALYZER_NONNULL = YES;
				CLANG_ANALYZER_NUMBER_OBJECT_CONVERSION = YES_AGGRESSIVE;
				CLANG_CXX_LANGUAGE_STANDARD = "gnu++14";
				CLANG_CXX_LIBRARY = "libc++";
				CLANG_ENABLE_MODULES = YES;
				CLANG_ENABLE_OBJC_ARC = YES;
				CLANG_ENABLE_OBJC_WEAK = YES;
				CLANG_WARN_BLOCK_CAPTURE_AUTORELEASING = YES;
				CLANG_WARN_BOOL_CONVERSION = YES;
				CLANG_WARN_COMMA = YES;
				CLANG_WARN_CONSTANT_CONVERSION = YES;
				CLANG_WARN_DEPRECATED_OBJC_IMPLEMENTATIONS = YES;
				CLANG_WARN_DIRECT_OBJC_ISA_USAGE = YES_ERROR;
				CLANG_WARN_DOCUMENTATION_COMMENTS = YES;
				CLANG_WARN_EMPTY_BODY = YES;
				CLANG_WARN_ENUM_CONVERSION = YES;
				CLANG_WARN_INFINITE_RECURSION = YES;
				CLANG_WARN_INT_CONVERSION = YES;
				CLANG_WARN_NON_LITERAL_NULL_CONVERSION = YES;
				CLANG_WARN_OBJC_IMPLICIT_RETAIN_SELF = YES;
				CLANG_WARN_OBJC_LITERAL_CONVERSION = YES;
				CLANG_WARN_OBJC_ROOT_CLASS = YES_ERROR;
				CLANG_WARN_RANGE_LOOP_ANALYSIS = YES;
				CLANG_WARN_STRICT_PROTOTYPES = YES;
				CLANG_WARN_SUSPICIOUS_MOVE = YES;
				CLANG_WARN_UNGUARDED_AVAILABILITY = YES_AGGRESSIVE;
				CLANG_WARN_UNREACHABLE_CODE = YES;
				CLANG_WARN__DUPLICATE_METHOD_MATCH = YES;
				COPY_PHASE_STRIP = NO;
				DEBUG_INFORMATION_FORMAT = "dwarf-with-dsym";
				ENABLE_NS_ASSERTIONS = NO;
				ENABLE_STRICT_OBJC_MSGSEND = YES;
				GCC_C_LANGUAGE_STANDARD = gnu11;
				GCC_NO_COMMON_BLOCKS = YES;
				GCC_WARN_64_TO_32_BIT_CONVERSION = YES;
				GCC_WARN_ABOUT_RETURN_TYPE = YES_ERROR;
				GCC_WARN_UNDECLARED_SELECTOR = YES;
				GCC_WARN_UNINITIALIZED_AUTOS = YES_AGGRESSIVE;
				GCC_WARN_UNUSED_FUNCTION = YES;
				GCC_WARN_UNUSED_VARIABLE = YES;
				IPHONEOS_DEPLOYMENT_TARGET = 13.4;
				MTL_ENABLE_DEBUG_INFO = NO;
				MTL_FAST_MATH = YES;
				SDKROOT = iphoneos;
				SWIFT_COMPILATION_MODE = wholemodule;
				SWIFT_OPTIMIZATION_LEVEL = "-O";
				VALIDATE_PRODUCT = YES;
			};
			name = Release;
		};
		826A93FB2473E53E00379297 /* Debug */ = {
			isa = XCBuildConfiguration;
			buildSettings = {
				ASSETCATALOG_COMPILER_APPICON_NAME = AppIcon;
				CODE_SIGN_STYLE = Automatic;
				DEVELOPMENT_TEAM = 4JH46A82PD;
				INFOPLIST_FILE = Tweeter/Info.plist;
				LD_RUNPATH_SEARCH_PATHS = (
					"$(inherited)",
					"@executable_path/Frameworks",
				);
				PRODUCT_BUNDLE_IDENTIFIER = com.gomi.Tweeter;
				PRODUCT_NAME = "$(TARGET_NAME)";
				SWIFT_VERSION = 5.0;
				TARGETED_DEVICE_FAMILY = "1,2";
			};
			name = Debug;
		};
		826A93FC2473E53E00379297 /* Release */ = {
			isa = XCBuildConfiguration;
			buildSettings = {
				ASSETCATALOG_COMPILER_APPICON_NAME = AppIcon;
				CODE_SIGN_STYLE = Automatic;
				DEVELOPMENT_TEAM = 4JH46A82PD;
				INFOPLIST_FILE = Tweeter/Info.plist;
				LD_RUNPATH_SEARCH_PATHS = (
					"$(inherited)",
					"@executable_path/Frameworks",
				);
				PRODUCT_BUNDLE_IDENTIFIER = com.gomi.Tweeter;
				PRODUCT_NAME = "$(TARGET_NAME)";
				SWIFT_VERSION = 5.0;
				TARGETED_DEVICE_FAMILY = "1,2";
			};
			name = Release;
		};
		826A93FE2473E53E00379297 /* Debug */ = {
			isa = XCBuildConfiguration;
			buildSettings = {
				ALWAYS_EMBED_SWIFT_STANDARD_LIBRARIES = YES;
				BUNDLE_LOADER = "$(TEST_HOST)";
				CODE_SIGN_STYLE = Automatic;
				DEVELOPMENT_TEAM = 4JH46A82PD;
				INFOPLIST_FILE = TweeterTests/Info.plist;
				IPHONEOS_DEPLOYMENT_TARGET = 13.4;
				LD_RUNPATH_SEARCH_PATHS = (
					"$(inherited)",
					"@executable_path/Frameworks",
					"@loader_path/Frameworks",
				);
				PRODUCT_BUNDLE_IDENTIFIER = com.gomi.TweeterTests;
				PRODUCT_NAME = "$(TARGET_NAME)";
				SWIFT_VERSION = 5.0;
				TARGETED_DEVICE_FAMILY = "1,2";
				TEST_HOST = "$(BUILT_PRODUCTS_DIR)/Tweeter.app/Tweeter";
			};
			name = Debug;
		};
		826A93FF2473E53E00379297 /* Release */ = {
			isa = XCBuildConfiguration;
			buildSettings = {
				ALWAYS_EMBED_SWIFT_STANDARD_LIBRARIES = YES;
				BUNDLE_LOADER = "$(TEST_HOST)";
				CODE_SIGN_STYLE = Automatic;
				DEVELOPMENT_TEAM = 4JH46A82PD;
				INFOPLIST_FILE = TweeterTests/Info.plist;
				IPHONEOS_DEPLOYMENT_TARGET = 13.4;
				LD_RUNPATH_SEARCH_PATHS = (
					"$(inherited)",
					"@executable_path/Frameworks",
					"@loader_path/Frameworks",
				);
				PRODUCT_BUNDLE_IDENTIFIER = com.gomi.TweeterTests;
				PRODUCT_NAME = "$(TARGET_NAME)";
				SWIFT_VERSION = 5.0;
				TARGETED_DEVICE_FAMILY = "1,2";
				TEST_HOST = "$(BUILT_PRODUCTS_DIR)/Tweeter.app/Tweeter";
			};
			name = Release;
		};
		826A94012473E53E00379297 /* Debug */ = {
			isa = XCBuildConfiguration;
			buildSettings = {
				ALWAYS_EMBED_SWIFT_STANDARD_LIBRARIES = YES;
				CODE_SIGN_STYLE = Automatic;
				DEVELOPMENT_TEAM = 4JH46A82PD;
				INFOPLIST_FILE = TweeterUITests/Info.plist;
				LD_RUNPATH_SEARCH_PATHS = (
					"$(inherited)",
					"@executable_path/Frameworks",
					"@loader_path/Frameworks",
				);
				PRODUCT_BUNDLE_IDENTIFIER = com.gomi.TweeterUITests;
				PRODUCT_NAME = "$(TARGET_NAME)";
				SWIFT_VERSION = 5.0;
				TARGETED_DEVICE_FAMILY = "1,2";
				TEST_TARGET_NAME = Tweeter;
			};
			name = Debug;
		};
		826A94022473E53E00379297 /* Release */ = {
			isa = XCBuildConfiguration;
			buildSettings = {
				ALWAYS_EMBED_SWIFT_STANDARD_LIBRARIES = YES;
				CODE_SIGN_STYLE = Automatic;
				DEVELOPMENT_TEAM = 4JH46A82PD;
				INFOPLIST_FILE = TweeterUITests/Info.plist;
				LD_RUNPATH_SEARCH_PATHS = (
					"$(inherited)",
					"@executable_path/Frameworks",
					"@loader_path/Frameworks",
				);
				PRODUCT_BUNDLE_IDENTIFIER = com.gomi.TweeterUITests;
				PRODUCT_NAME = "$(TARGET_NAME)";
				SWIFT_VERSION = 5.0;
				TARGETED_DEVICE_FAMILY = "1,2";
				TEST_TARGET_NAME = Tweeter;
			};
			name = Release;
		};
/* End XCBuildConfiguration section */

/* Begin XCConfigurationList section */
		826A93CB2473E53100379297 /* Build configuration list for PBXProject "Tweeter" */ = {
			isa = XCConfigurationList;
			buildConfigurations = (
				826A93F82473E53E00379297 /* Debug */,
				826A93F92473E53E00379297 /* Release */,
			);
			defaultConfigurationIsVisible = 0;
			defaultConfigurationName = Release;
		};
		826A93FA2473E53E00379297 /* Build configuration list for PBXNativeTarget "Tweeter" */ = {
			isa = XCConfigurationList;
			buildConfigurations = (
				826A93FB2473E53E00379297 /* Debug */,
				826A93FC2473E53E00379297 /* Release */,
			);
			defaultConfigurationIsVisible = 0;
			defaultConfigurationName = Release;
		};
		826A93FD2473E53E00379297 /* Build configuration list for PBXNativeTarget "TweeterTests" */ = {
			isa = XCConfigurationList;
			buildConfigurations = (
				826A93FE2473E53E00379297 /* Debug */,
				826A93FF2473E53E00379297 /* Release */,
			);
			defaultConfigurationIsVisible = 0;
			defaultConfigurationName = Release;
		};
		826A94002473E53E00379297 /* Build configuration list for PBXNativeTarget "TweeterUITests" */ = {
			isa = XCConfigurationList;
			buildConfigurations = (
				826A94012473E53E00379297 /* Debug */,
				826A94022473E53E00379297 /* Release */,
			);
			defaultConfigurationIsVisible = 0;
			defaultConfigurationName = Release;
		};
/* End XCConfigurationList section */
	};
	rootObject = 826A93C82473E53100379297 /* Project object */;
}
